
Microsoft Visual Studio Solution File, Format Version 12.00
Project("{FAE04EC0-301F-11D3-BF4B-00C04F79EFBC}") = "MyJourneys", "MyJourneys\MyJourneys.csproj", "{F42B8BD4-520C-440E-9D7E-C5193A3A3F36}"
EndProject
Project("{FAE04EC0-301F-11D3-BF4B-00C04F79EFBC}") = "MyJourneys.Tests", "MyJourneys.Tests\MyJourneys.Tests.csproj", "{B331C500-B498-4944-BF5D-4C620E958C0F}"
EndProject
Global
	GlobalSection(SolutionConfigurationPlatforms) = preSolution
		Debug|Any CPU = Debug|Any CPU
		Release|Any CPU = Release|Any CPU
	EndGlobalSection
	GlobalSection(ProjectConfigurationPlatforms) = postSolution
		{F42B8BD4-520C-440E-9D7E-C5193A3A3F36}.Debug|Any CPU.ActiveCfg = Debug|Any CPU
		{F42B8BD4-520C-440E-9D7E-C5193A3A3F36}.Debug|Any CPU.Build.0 = Debug|Any CPU
		{F42B8BD4-520C-440E-9D7E-C5193A3A3F36}.Release|Any CPU.ActiveCfg = Release|Any CPU
		{F42B8BD4-520C-440E-9D7E-C5193A3A3F36}.Release|Any CPU.Build.0 = Release|Any CPU
		{B331C500-B498-4944-BF5D-4C620E958C0F}.Debug|Any CPU.ActiveCfg = Debug|Any CPU
		{B331C500-B498-4944-BF5D-4C620E958C0F}.Debug|Any CPU.Build.0 = Debug|Any CPU
		{B331C500-B498-4944-BF5D-4C620E958C0F}.Release|Any CPU.ActiveCfg = Release|Any CPU
		{B331C500-B498-4944-BF5D-4C620E958C0F}.Release|Any CPU.Build.0 = Release|Any CPU
	EndGlobalSection
EndGlobal
